dependencies:
- name: authservice
  repository: ""
  version: 0.1.0
- name: httpservice
  repository: ""
  version: 0.1.0
- name: jwtproxy
  repository: ""
  version: 0.1.0
- name: messegerparody
  repository: ""
  version: 0.1.0
- name: handleservice
  repository: ""
  version: 0.1.0
digest: sha256:43ad56bff7e16cb7bd489550abc3a607f6baf902ac90da1594761699614099ca
generated: "2025-08-29T00:00:38.715990712+03:00"
